
Microsoft Visual Studio Solution File, Format Version 12.00
# Visual Studio Version 17
VisualStudioVersion = 17.10.35013.160
MinimumVisualStudioVersion = 10.0.40219.1
Project("{FAE04EC0-301F-11D3-BF4B-00C04F79EFBC}") = "WhiteLagoon_Web", "WhiteLagoon_Web\WhiteLagoon_Web.csproj", "{0441D06B-A9C1-4A11-AAC2-7637CBDEE16B}"
EndProject
Global
	GlobalSection(SolutionConfigurationPlatforms) = preSolution
		Debug|Any CPU = Debug|Any CPU
		Release|Any CPU = Release|Any CPU
	EndGlobalSection
	GlobalSection(ProjectConfigurationPlatforms) = postSolution
		{0441D06B-A9C1-4A11-AAC2-7637CBDEE16B}.Debug|Any CPU.ActiveCfg = Debug|Any CPU
		{0441D06B-A9C1-4A11-AAC2-7637CBDEE16B}.Debug|Any CPU.Build.0 = Debug|Any CPU
		{0441D06B-A9C1-4A11-AAC2-7637CBDEE16B}.Release|Any CPU.ActiveCfg = Release|Any CPU
		{0441D06B-A9C1-4A11-AAC2-7637CBDEE16B}.Release|Any CPU.Build.0 = Release|Any CPU
	EndGlobalSection
	GlobalSection(SolutionProperties) = preSolution
		HideSolutionNode = FALSE
	EndGlobalSection
	GlobalSection(ExtensibilityGlobals) = postSolution
		SolutionGuid = {52E58FF3-4DD3-4FC9-BB12-81D789FDBF4A}
	EndGlobalSection
EndGlobal
